
Microsoft Visual Studio Solution File, Format Version 12.00
# Visual Studio 15
VisualStudioVersion = 15.0.26124.0
MinimumVisualStudioVersion = 15.0.26124.0
Project("{FAE04EC0-301F-11D3-BF4B-00C04F79EFBC}") = "volunteer-api", "volunteer-api\volunteer-api.csproj", "{DD6E28FA-0D28-4802-9786-1D9662A4DDB3}"
EndProject
Project("{FAE04EC0-301F-11D3-BF4B-00C04F79EFBC}") = "volunteer-api.Tests", "volunteer-api.Tests\volunteer-api.Tests.csproj", "{D6AB87BD-B3E2-42A8-8495-196D597422B2}"
EndProject
Global
	GlobalSection(SolutionConfigurationPlatforms) = preSolution
		Debug|Any CPU = Debug|Any CPU
		Debug|x64 = Debug|x64
		Debug|x86 = Debug|x86
		Release|Any CPU = Release|Any CPU
		Release|x64 = Release|x64
		Release|x86 = Release|x86
	EndGlobalSection
	GlobalSection(SolutionProperties) = preSolution
		HideSolutionNode = FALSE
	EndGlobalSection
	GlobalSection(ProjectConfigurationPlatforms) = postSolution
		{DD6E28FA-0D28-4802-9786-1D9662A4DDB3}.Debug|Any CPU.ActiveCfg = Debug|Any CPU
		{DD6E28FA-0D28-4802-9786-1D9662A4DDB3}.Debug|Any CPU.Build.0 = Debug|Any CPU
		{DD6E28FA-0D28-4802-9786-1D9662A4DDB3}.Debug|x64.ActiveCfg = Debug|Any CPU
		{DD6E28FA-0D28-4802-9786-1D9662A4DDB3}.Debug|x64.Build.0 = Debug|Any CPU
		{DD6E28FA-0D28-4802-9786-1D9662A4DDB3}.Debug|x86.ActiveCfg = Debug|Any CPU
		{DD6E28FA-0D28-4802-9786-1D9662A4DDB3}.Debug|x86.Build.0 = Debug|Any CPU
		{DD6E28FA-0D28-4802-9786-1D9662A4DDB3}.Release|Any CPU.ActiveCfg = Release|Any CPU
		{DD6E28FA-0D28-4802-9786-1D9662A4DDB3}.Release|Any CPU.Build.0 = Release|Any CPU
		{DD6E28FA-0D28-4802-9786-1D9662A4DDB3}.Release|x64.ActiveCfg = Release|Any CPU
		{DD6E28FA-0D28-4802-9786-1D9662A4DDB3}.Release|x64.Build.0 = Release|Any CPU
		{DD6E28FA-0D28-4802-9786-1D9662A4DDB3}.Release|x86.ActiveCfg = Release|Any CPU
		{DD6E28FA-0D28-4802-9786-1D9662A4DDB3}.Release|x86.Build.0 = Release|Any CPU
		{D6AB87BD-B3E2-42A8-8495-196D597422B2}.Debug|Any CPU.ActiveCfg = Debug|Any CPU
		{D6AB87BD-B3E2-42A8-8495-196D597422B2}.Debug|Any CPU.Build.0 = Debug|Any CPU
		{D6AB87BD-B3E2-42A8-8495-196D597422B2}.Debug|x64.ActiveCfg = Debug|Any CPU
		{D6AB87BD-B3E2-42A8-8495-196D597422B2}.Debug|x64.Build.0 = Debug|Any CPU
		{D6AB87BD-B3E2-42A8-8495-196D597422B2}.Debug|x86.ActiveCfg = Debug|Any CPU
		{D6AB87BD-B3E2-42A8-8495-196D597422B2}.Debug|x86.Build.0 = Debug|Any CPU
		{D6AB87BD-B3E2-42A8-8495-196D597422B2}.Release|Any CPU.ActiveCfg = Release|Any CPU
		{D6AB87BD-B3E2-42A8-8495-196D597422B2}.Release|Any CPU.Build.0 = Release|Any CPU
		{D6AB87BD-B3E2-42A8-8495-196D597422B2}.Release|x64.ActiveCfg = Release|Any CPU
		{D6AB87BD-B3E2-42A8-8495-196D597422B2}.Release|x64.Build.0 = Release|Any CPU
		{D6AB87BD-B3E2-42A8-8495-196D597422B2}.Release|x86.ActiveCfg = Release|Any CPU
		{D6AB87BD-B3E2-42A8-8495-196D597422B2}.Release|x86.Build.0 = Release|Any CPU
	EndGlobalSection
EndGlobal
